
Microsoft Visual Studio Solution File, Format Version 12.00
# Visual Studio Version 17
VisualStudioVersion = 17.12.35527.113
MinimumVisualStudioVersion = 10.0.40219.1
Project("{FAE04EC0-301F-11D3-BF4B-00C04F79EFBC}") = "PresentationLayer", "PresentationLayer.csproj", "{FE54797F-7055-48D5-B759-E00A5581EFEA}"
EndProject
Project("{FAE04EC0-301F-11D3-BF4B-00C04F79EFBC}") = "DataAccessLayer", "..\DataAccessLayer\DataAccessLayer.csproj", "{2F47F34D-B75A-434A-B0A8-74BB30DCD5D9}"
EndProject
Project("{FAE04EC0-301F-11D3-BF4B-00C04F79EFBC}") = "BusinessLogicLayer", "..\BusinessLogicLayer\BusinessLogicLayer.csproj", "{AC7DF367-1C75-41B6-90FA-25BC8FCB7016}"
EndProject
Global
	GlobalSection(SolutionConfigurationPlatforms) = preSolution
		Debug|Any CPU = Debug|Any CPU
		Release|Any CPU = Release|Any CPU
	EndGlobalSection
	GlobalSection(ProjectConfigurationPlatforms) = postSolution
		{FE54797F-7055-48D5-B759-E00A5581EFEA}.Debug|Any CPU.ActiveCfg = Debug|Any CPU
		{FE54797F-7055-48D5-B759-E00A5581EFEA}.Debug|Any CPU.Build.0 = Debug|Any CPU
		{FE54797F-7055-48D5-B759-E00A5581EFEA}.Release|Any CPU.ActiveCfg = Release|Any CPU
		{FE54797F-7055-48D5-B759-E00A5581EFEA}.Release|Any CPU.Build.0 = Release|Any CPU
		{2F47F34D-B75A-434A-B0A8-74BB30DCD5D9}.Debug|Any CPU.ActiveCfg = Debug|Any CPU
		{2F47F34D-B75A-434A-B0A8-74BB30DCD5D9}.Debug|Any CPU.Build.0 = Debug|Any CPU
		{2F47F34D-B75A-434A-B0A8-74BB30DCD5D9}.Release|Any CPU.ActiveCfg = Release|Any CPU
		{2F47F34D-B75A-434A-B0A8-74BB30DCD5D9}.Release|Any CPU.Build.0 = Release|Any CPU
		{AC7DF367-1C75-41B6-90FA-25BC8FCB7016}.Debug|Any CPU.ActiveCfg = Debug|Any CPU
		{AC7DF367-1C75-41B6-90FA-25BC8FCB7016}.Debug|Any CPU.Build.0 = Debug|Any CPU
		{AC7DF367-1C75-41B6-90FA-25BC8FCB7016}.Release|Any CPU.ActiveCfg = Release|Any CPU
		{AC7DF367-1C75-41B6-90FA-25BC8FCB7016}.Release|Any CPU.Build.0 = Release|Any CPU
	EndGlobalSection
	GlobalSection(SolutionProperties) = preSolution
		HideSolutionNode = FALSE
	EndGlobalSection
EndGlobal
